// !$*UTF8*$!
{
	archiveVersion = 1;
	classes = {
	};
	objectVersion = 48;
	objects = {

/* Begin PBXBuildFile section */
		413ED5A91FEA748300C6FB94 /* AppDelegate.m in Sources */ = {isa = PBXBuildFile; fileRef = 413ED5A81FEA748300C6FB94 /* AppDelegate.m */; };
		413ED5AC1FEA748300C6FB94 /* ViewController.m in Sources */ = {isa = PBXBuildFile; fileRef = 413ED5AB1FEA748300C6FB94 /* ViewController.m */; };
		413ED5AF1FEA748300C6FB94 /* Main.storyboard in Resources */ = {isa = PBXBuildFile; fileRef = 413ED5AD1FEA748300C6FB94 /* Main.storyboard */; };
		413ED5B11FEA748300C6FB94 /* Assets.xcassets in Resources */ = {isa = PBXBuildFile; fileRef = 413ED5B01FEA748300C6FB94 /* Assets.xcassets */; };
		413ED5B41FEA748300C6FB94 /* LaunchScreen.storyboard in Resources */ = {isa = PBXBuildFile; fileRef = 413ED5B21FEA748300C6FB94 /* LaunchScreen.storyboard */; };
		413ED5B71FEA748300C6FB94 /* main.m in Sources */ = {isa = PBXBuildFile; fileRef = 413ED5B61FEA748300C6FB94 /* main.m */; };
/* End PBXBuildFile section */

/* Begin PBXFileReference section */
		413ED5A41FEA748300C6FB94 /* treeTab.app */ = {isa = PBXFileReference; explicitFileType = wrapper.application; includeInIndex = 0; path = treeTab.app; sourceTree = BUILT_PRODUCTS_DIR; };
		413ED5A71FEA748300C6FB94 /* AppDelegate.h */ = {isa = PBXFileReference; lastKnownFileType = sourcecode.c.h; path = AppDelegate.h; sourceTree = "<group>"; };
		413ED5A81FEA748300C6FB94 /* AppDelegate.m */ = {isa = PBXFileReference; lastKnownFileType = sourcecode.c.objc; path = AppDelegate.m; sourceTree = "<group>"; };
		413ED5AA1FEA748300C6FB94 /* ViewController.h */ = {isa = PBXFileReference; lastKnownFileType = sourcecode.c.h; path = ViewController.h; sourceTree = "<group>"; };
		413ED5AB1FEA748300C6FB94 /* ViewController.m */ = {isa = PBXFileReference; lastKnownFileType = sourcecode.c.objc; path = ViewController.m; sourceTree = "<group>"; };
		413ED5AE1FEA748300C6FB94 /* Base */ = {isa = PBXFileReference; lastKnownFileType = file.storyboard; name = Base; path = Base.lproj/Main.storyboard; sourceTree = "<group>"; };
		413ED5B01FEA748300C6FB94 /* Assets.xcassets */ = {isa = PBXFileReference; lastKnownFileType = folder.assetcatalog; path = Assets.xcassets; sourceTree = "<group>"; };
		413ED5B31FEA748300C6FB94 /* Base */ = {isa = PBXFileReference; lastKnownFileType = file.storyboard; name = Base; path = Base.lproj/LaunchScreen.storyboard; sourceTree = "<group>"; };
		413ED5B51FEA748300C6FB94 /* Info.plist */ = {isa = PBXFileReference; lastKnownFileType = text.plist.xml; path = Info.plist; sourceTree = "<group>"; };
		413ED5B61FEA748300C6FB94 /* main.m */ = {isa = PBXFileReference; lastKnownFileType = sourcecode.c.objc; path = main.m; sourceTree = "<group>"; };
/* End PBXFileReference section */

/* Begin PBXFrameworksBuildPhase section */
		413ED5A11FEA748300C6FB94 /* Frameworks */ = {
			isa = PBXFrameworksBuildPhase;
			buildActionMask = 2147483647;
			files = (
			);
			runOnlyForDeploymentPostprocessing = 0;
		};
/* End PBXFrameworksBuildPhase section */

/* Begin PBXGroup section */
		413ED59B1FEA748300C6FB94 = {
			isa = PBXGroup;
			children = (
				413ED5A61FEA748300C6FB94 /* treeTab */,
				413ED5A51FEA748300C6FB94 /* Products */,
			);
			sourceTree = "<group>";
		};
		413ED5A51FEA748300C6FB94 /* Products */ = {
			isa = PBXGroup;
			children = (
				413ED5A41FEA748300C6FB94 /* treeTab.app */,
			);
			name = Products;
			sourceTree = "<group>";
		};
		413ED5A61FEA748300C6FB94 /* treeTab */ = {
			isa = PBXGroup;
			children = (
				413ED5A71FEA748300C6FB94 /* AppDelegate.h */,
				413ED5A81FEA748300C6FB94 /* AppDelegate.m */,
				413ED5AA1FEA748300C6FB94 /* ViewController.h */,
				413ED5AB1FEA748300C6FB94 /* ViewController.m */,
				413ED5AD1FEA748300C6FB94 /* Main.storyboard */,
				413ED5B01FEA748300C6FB94 /* Assets.xcassets */,
				413ED5B21FEA748300C6FB94 /* LaunchScreen.storyboard */,
				413ED5B51FEA748300C6FB94 /* Info.plist */,
				413ED5B61FEA748300C6FB94 /* main.m */,
			);
			path = treeTab;
			sourceTree = "<group>";
		};
/* End PBXGroup section */

/* Begin PBXNativeTarget section */
		413ED5A31FEA748300C6FB94 /* treeTab */ = {
			isa = PBXNativeTarget;
			buildConfigurationList = 413ED5BA1FEA748300C6FB94 /* Build configuration list for PBXNativeTarget "treeTab" */;
			buildPhases = (
				413ED5A01FEA748300C6FB94 /* Sources */,
				413ED5A11FEA748300C6FB94 /* Frameworks */,
				413ED5A21FEA748300C6FB94 /* Resources */,
			);
			buildRules = (
			);
			dependencies = (
			);
			name = treeTab;
			productName = treeTab;
			productReference = 413ED5A41FEA748300C6FB94 /* treeTab.app */;
			productType = "com.apple.product-type.application";
		};
/* End PBXNativeTarget section */

/* Begin PBXProject section */
		413ED59C1FEA748300C6FB94 /* Project object */ = {
			isa = PBXProject;
			attributes = {
				LastUpgradeCheck = 0920;
				ORGANIZATIONNAME = gzz;
				TargetAttributes = {
					413ED5A31FEA748300C6FB94 = {
						CreatedOnToolsVersion = 9.2;
						ProvisioningStyle = Automatic;
					};
				};
			};
			buildConfigurationList = 413ED59F1FEA748300C6FB94 /* Build configuration list for PBXProject "treeTab" */;
			compatibilityVersion = "Xcode 8.0";
			developmentRegion = en;
			hasScannedForEncodings = 0;
			knownRegions = (
				en,
				Base,
			);
			mainGroup = 413ED59B1FEA748300C6FB94;
			productRefGroup = 413ED5A51FEA748300C6FB94 /* Products */;
			projectDirPath = "";
			projectRoot = "";
			targets = (
				413ED5A31FEA748300C6FB94 /* treeTab */,
			);
		};
/* End PBXProject section */

/* Begin PBXResourcesBuildPhase section */
		413ED5A21FEA748300C6FB94 /* Resources */ = {
			isa = PBXResourcesBuildPhase;
			buildActionMask = 2147483647;
			files = (
				413ED5B41FEA748300C6FB94 /* LaunchScreen.storyboard in Resources */,
				413ED5B11FEA748300C6FB94 /* Assets.xcassets in Resources */,
				413ED5AF1FEA748300C6FB94 /* Main.storyboard in Resources */,
			);
			runOnlyForDeploymentPostprocessing = 0;
		};
/* End PBXResourcesBuildPhase section */

/* Begin PBXSourcesBuildPhase section */
		413ED5A01FEA748300C6FB94 /* Sources */ = {
			isa = PBXSourcesBuildPhase;
			buildActionMask = 2147483647;
			files = (
				413ED5AC1FEA748300C6FB94 /* ViewController.m in Sources */,
				413ED5B71FEA748300C6FB94 /* main.m in Sources */,
				413ED5A91FEA748300C6FB94 /* AppDelegate.m in Sources */,
			);
			runOnlyForDeploymentPostprocessing = 0;
		};
/* End PBXSourcesBuildPhase section */

/* Begin PBXVariantGroup section */
		413ED5AD1FEA748300C6FB94 /* Main.storyboard */ = {
			isa = PBXVariantGroup;
			children = (
				413ED5AE1FEA748300C6FB94 /* Base */,
			);
			name = Main.storyboard;
			sourceTree = "<group>";
		};
		413ED5B21FEA748300C6FB94 /* LaunchScreen.storyboard */ = {
			isa = PBXVariantGroup;
			children = (
				413ED5B31FEA748300C6FB94 /* Base */,
			);
			name = LaunchScreen.storyboard;
			sourceTree = "<group>";
		};
/* End PBXVariantGroup section */

/* Begin XCBuildConfiguration section */
		413ED5B81FEA748300C6FB94 /* Debug */ = {
			isa = XCBuildConfiguration;
			buildSettings = {
				ALWAYS_SEARCH_USER_PATHS = NO;
				CLANG_ANALYZER_NONNULL = YES;
				CLANG_ANALYZER_NUMBER_OBJECT_CONVERSION = YES_AGGRESSIVE;
				CLANG_CXX_LANGUAGE_STANDARD = "gnu++14";
				CLANG_CXX_LIBRARY = "libc++";
				CLANG_ENABLE_MODULES = YES;
				CLANG_ENABLE_OBJC_ARC = YES;
				CLANG_WARN_BLOCK_CAPTURE_AUTORELEASING = YES;
				CLANG_WARN_BOOL_CONVERSION = YES;
				CLANG_WARN_COMMA = YES;
				CLANG_WARN_CONSTANT_CONVERSION = YES;
				CLANG_WARN_DIRECT_OBJC_ISA_USAGE = YES_ERROR;
				CLANG_WARN_DOCUMENTATION_COMMENTS = YES;
				CLANG_WARN_EMPTY_BODY = YES;
				CLANG_WARN_ENUM_CONVERSION = YES;
				CLANG_WARN_INFINITE_RECURSION = YES;
				CLANG_WARN_INT_CONVERSION = YES;
				CLANG_WARN_NON_LITERAL_NULL_CONVERSION = YES;
				CLANG_WARN_OBJC_LITERAL_CONVERSION = YES;
				CLANG_WARN_OBJC_ROOT_CLASS = YES_ERROR;
				CLANG_WARN_RANGE_LOOP_ANALYSIS = YES;
				CLANG_WARN_STRICT_PROTOTYPES = YES;
				CLANG_WARN_SUSPICIOUS_MOVE = YES;
				CLANG_WARN_UNGUARDED_AVAILABILITY = YES_AGGRESSIVE;
				CLANG_WARN_UNREACHABLE_CODE = YES;
				CLANG_WARN__DUPLICATE_METHOD_MATCH = YES;
				CODE_SIGN_IDENTITY = "iPhone Developer";
				COPY_PHASE_STRIP = NO;
				DEBUG_INFORMATION_FORMAT = dwarf;
				ENABLE_STRICT_OBJC_MSGSEND = YES;
				ENABLE_TESTABILITY = YES;
				GCC_C_LANGUAGE_STANDARD = gnu11;
				GCC_DYNAMIC_NO_PIC = NO;
				GCC_NO_COMMON_BLOCKS = YES;
				GCC_OPTIMIZATION_LEVEL = 0;
				GCC_PREPROCESSOR_DEFINITIONS = (
					"DEBUG=1",
					"$(inherited)",
				);
				GCC_WARN_64_TO_32_BIT_CONVERSION = YES;
				GCC_WARN_ABOUT_RETURN_TYPE = YES_ERROR;
				GCC_WARN_UNDECLARED_SELECTOR = YES;
				GCC_WARN_UNINITIALIZED_AUTOS = YES_AGGRESSIVE;
				GCC_WARN_UNUSED_FUNCTION = YES;
				GCC_WARN_UNUSED_VARIABLE = YES;
				IPHONEOS_DEPLOYMENT_TARGET = 11.2;
				MTL_ENABLE_DEBUG_INFO = YES;
				ONLY_ACTIVE_ARCH = YES;
				SDKROOT = iphoneos;
			};
			name = Debug;
		};
		413ED5B91FEA748300C6FB94 /* Release */ = {
			isa = XCBuildConfiguration;
			buildSettings = {
				ALWAYS_SEARCH_USER_PATHS = NO;
				CLANG_ANALYZER_NONNULL = YES;
				CLANG_ANALYZER_NUMBER_OBJECT_CONVERSION = YES_AGGRESSIVE;
				CLANG_CXX_LANGUAGE_STANDARD = "gnu++14";
				CLANG_CXX_LIBRARY = "libc++";
				CLANG_ENABLE_MODULES = YES;
				CLANG_ENABLE_OBJC_ARC = YES;
				CLANG_WARN_BLOCK_CAPTURE_AUTORELEASING = YES;
				CLANG_WARN_BOOL_CONVERSION = YES;
				CLANG_WARN_COMMA = YES;
				CLANG_WARN_CONSTANT_CONVERSION = YES;
				CLANG_WARN_DIRECT_OBJC_ISA_USAGE = YES_ERROR;
				CLANG_WARN_DOCUMENTATION_COMMENTS = YES;
				CLANG_WARN_EMPTY_BODY = YES;
				CLANG_WARN_ENUM_CONVERSION = YES;
				CLANG_WARN_INFINITE_RECURSION = YES;
				CLANG_WARN_INT_CONVERSION = YES;
				CLANG_WARN_NON_LITERAL_NULL_CONVERSION = YES;
				CLANG_WARN_OBJC_LITERAL_CONVERSION = YES;
				CLANG_WARN_OBJC_ROOT_CLASS = YES_ERROR;
				CLANG_WARN_RANGE_LOOP_ANALYSIS = YES;
				CLANG_WARN_STRICT_PROTOTYPES = YES;
				CLANG_WARN_SUSPICIOUS_MOVE = YES;
				CLANG_WARN_UNGUARDED_AVAILABILITY = YES_AGGRESSIVE;
				CLANG_WARN_UNREACHABLE_CODE = YES;
				CLANG_WARN__DUPLICATE_METHOD_MATCH = YES;
				CODE_SIGN_IDENTITY = "iPhone Developer";
				COPY_PHASE_STRIP = NO;
				DEBUG_INFORMATION_FORMAT = "dwarf-with-dsym";
				ENABLE_NS_ASSERTIONS = NO;
				ENABLE_STRICT_OBJC_MSGSEND = YES;
				GCC_C_LANGUAGE_STANDARD = gnu11;
				GCC_NO_COMMON_BLOCKS = YES;
				GCC_WARN_64_TO_32_BIT_CONVERSION = YES;
				GCC_WARN_ABOUT_RETURN_TYPE = YES_ERROR;
				GCC_WARN_UNDECLARED_SELECTOR = YES;
				GCC_WARN_UNINITIALIZED_AUTOS = YES_AGGRESSIVE;
				GCC_WARN_UNUSED_FUNCTION = YES;
				GCC_WARN_UNUSED_VARIABLE = YES;
				IPHONEOS_DEPLOYMENT_TARGET = 11.2;
				MTL_ENABLE_DEBUG_INFO = NO;
				SDKROOT = iphoneos;
				VALIDATE_PRODUCT = YES;
			};
			name = Release;
		};
		413ED5BB1FEA748300C6FB94 /* Debug */ = {
			isa = XCBuildConfiguration;
			buildSettings = {
				ASSETCATALOG_COMPILER_APPICON_NAME = AppIcon;
				CODE_SIGN_STYLE = Automatic;
				DEVELOPMENT_TEAM = QG6J447288;
				INFOPLIST_FILE = treeTab/Info.plist;
				LD_RUNPATH_SEARCH_PATHS = "$(inherited) @executable_path/Frameworks";
				PRODUCT_BUNDLE_IDENTIFIER = com.szyn.treeTab;
				PRODUCT_NAME = "$(TARGET_NAME)";
				TARGETED_DEVICE_FAMILY = "1,2";
			};
			name = Debug;
		};
		413ED5BC1FEA748300C6FB94 /* Release */ = {
			isa = XCBuildConfiguration;
			buildSettings = {
				ASSETCATALOG_COMPILER_APPICON_NAME = AppIcon;
				CODE_SIGN_STYLE = Automatic;
				DEVELOPMENT_TEAM = QG6J447288;
				INFOPLIST_FILE = treeTab/Info.plist;
				LD_RUNPATH_SEARCH_PATHS = "$(inherited) @executable_path/Frameworks";
				PRODUCT_BUNDLE_IDENTIFIER = com.szyn.treeTab;
				PRODUCT_NAME = "$(TARGET_NAME)";
				TARGETED_DEVICE_FAMILY = "1,2";
			};
			name = Release;
		};
/* End XCBuildConfiguration section */

/* Begin XCConfigurationList section */
		413ED59F1FEA748300C6FB94 /* Build configuration list for PBXProject "treeTab" */ = {
			isa = XCConfigurationList;
			buildConfigurations = (
				413ED5B81FEA748300C6FB94 /* Debug */,
				413ED5B91FEA748300C6FB94 /* Release */,
			);
			defaultConfigurationIsVisible = 0;
			defaultConfigurationName = Release;
		};
		413ED5BA1FEA748300C6FB94 /* Build configuration list for PBXNativeTarget "treeTab" */ = {
			isa = XCConfigurationList;
			buildConfigurations = (
				413ED5BB1FEA748300C6FB94 /* Debug */,
				413ED5BC1FEA748300C6FB94 /* Release */,
			);
			defaultConfigurationIsVisible = 0;
			defaultConfigurationName = Release;
		};
/* End XCConfigurationList section */
	};
	rootObject = 413ED59C1FEA748300C6FB94 /* Project object */;
}
